
Microsoft Visual Studio Solution File, Format Version 12.00
# Visual Studio Version 16
VisualStudioVersion = 16.0.31313.79
MinimumVisualStudioVersion = 10.0.40219.1
Project("{FAE04EC0-301F-11D3-BF4B-00C04F79EFBC}") = "NIRAC-WEB", "NIRAC-WEB.csproj", "{1E4154D6-CD7F-404C-9B21-FEDFA400900D}"
EndProject
Project("{2150E333-8FDC-42A3-9474-1A3956D46DE8}") = "WEB", "WEB", "{4AFB22E9-C396-4E77-8ED8-8C38CE14234A}"
EndProject
Project("{2150E333-8FDC-42A3-9474-1A3956D46DE8}") = "API", "API", "{C8707553-563F-445B-91EB-CC4AB08525E1}"
EndProject
Project("{2150E333-8FDC-42A3-9474-1A3956D46DE8}") = "BUSINESS", "BUSINESS", "{677CD91A-81B5-4B55-A02F-31B4140C8A7C}"
EndProject
Project("{FAE04EC0-301F-11D3-BF4B-00C04F79EFBC}") = "NIRAC-API", "NIRAC-API\NIRAC-API.csproj", "{2440E375-F1FF-4DAF-A9AA-4020831A4FEF}"
EndProject
Project("{FAE04EC0-301F-11D3-BF4B-00C04F79EFBC}") = "NIRAC-BUSINESS", "NIRAC-BUSINESS\NIRAC-BUSINESS.csproj", "{5B3AA93C-BB20-4C99-8D40-CAD33994E2B9}"
EndProject
Project("{2150E333-8FDC-42A3-9474-1A3956D46DE8}") = "TESTES", "TESTES", "{E01A2223-FB6A-4D36-8C5B-9DBCD5F6B157}"
EndProject
Project("{2150E333-8FDC-42A3-9474-1A3956D46DE8}") = "API", "API", "{593F6F8C-C1CE-4033-B891-20ABCA6E632D}"
EndProject
Project("{2150E333-8FDC-42A3-9474-1A3956D46DE8}") = "WEB", "WEB", "{1209A63A-02F0-4441-862C-62F8C1453216}"
EndProject
Project("{FAE04EC0-301F-11D3-BF4B-00C04F79EFBC}") = "API TESTE", "..\API TESTE\API TESTE.csproj", "{3CB21A6E-56B7-49C1-992D-BABB049FFABB}"
EndProject
Project("{2150E333-8FDC-42A3-9474-1A3956D46DE8}") = "github", "github", "{B1F6021F-6343-404E-9238-0287C6150B2D}"
EndProject
Project("{2150E333-8FDC-42A3-9474-1A3956D46DE8}") = "workflows", "workflows", "{080EB403-473E-47F7-B548-A50A6C2F07B8}"
	ProjectSection(SolutionItems) = preProject
		github-actions.yml = github-actions.yml
	EndProjectSection
EndProject
Global
	GlobalSection(SolutionConfigurationPlatforms) = preSolution
		Debug|Any CPU = Debug|Any CPU
		Release|Any CPU = Release|Any CPU
	EndGlobalSection
	GlobalSection(ProjectConfigurationPlatforms) = postSolution
		{1E4154D6-CD7F-404C-9B21-FEDFA400900D}.Debug|Any CPU.ActiveCfg = Debug|Any CPU
		{1E4154D6-CD7F-404C-9B21-FEDFA400900D}.Debug|Any CPU.Build.0 = Debug|Any CPU
		{1E4154D6-CD7F-404C-9B21-FEDFA400900D}.Release|Any CPU.ActiveCfg = Release|Any CPU
		{1E4154D6-CD7F-404C-9B21-FEDFA400900D}.Release|Any CPU.Build.0 = Release|Any CPU
		{2440E375-F1FF-4DAF-A9AA-4020831A4FEF}.Debug|Any CPU.ActiveCfg = Debug|Any CPU
		{2440E375-F1FF-4DAF-A9AA-4020831A4FEF}.Debug|Any CPU.Build.0 = Debug|Any CPU
		{2440E375-F1FF-4DAF-A9AA-4020831A4FEF}.Release|Any CPU.ActiveCfg = Release|Any CPU
		{2440E375-F1FF-4DAF-A9AA-4020831A4FEF}.Release|Any CPU.Build.0 = Release|Any CPU
		{5B3AA93C-BB20-4C99-8D40-CAD33994E2B9}.Debug|Any CPU.ActiveCfg = Debug|Any CPU
		{5B3AA93C-BB20-4C99-8D40-CAD33994E2B9}.Debug|Any CPU.Build.0 = Debug|Any CPU
		{5B3AA93C-BB20-4C99-8D40-CAD33994E2B9}.Release|Any CPU.ActiveCfg = Release|Any CPU
		{5B3AA93C-BB20-4C99-8D40-CAD33994E2B9}.Release|Any CPU.Build.0 = Release|Any CPU
		{3CB21A6E-56B7-49C1-992D-BABB049FFABB}.Debug|Any CPU.ActiveCfg = Debug|Any CPU
		{3CB21A6E-56B7-49C1-992D-BABB049FFABB}.Debug|Any CPU.Build.0 = Debug|Any CPU
		{3CB21A6E-56B7-49C1-992D-BABB049FFABB}.Release|Any CPU.ActiveCfg = Release|Any CPU
		{3CB21A6E-56B7-49C1-992D-BABB049FFABB}.Release|Any CPU.Build.0 = Release|Any CPU
	EndGlobalSection
	GlobalSection(SolutionProperties) = preSolution
		HideSolutionNode = FALSE
	EndGlobalSection
	GlobalSection(NestedProjects) = preSolution
		{1E4154D6-CD7F-404C-9B21-FEDFA400900D} = {4AFB22E9-C396-4E77-8ED8-8C38CE14234A}
		{2440E375-F1FF-4DAF-A9AA-4020831A4FEF} = {C8707553-563F-445B-91EB-CC4AB08525E1}
		{5B3AA93C-BB20-4C99-8D40-CAD33994E2B9} = {677CD91A-81B5-4B55-A02F-31B4140C8A7C}
		{593F6F8C-C1CE-4033-B891-20ABCA6E632D} = {E01A2223-FB6A-4D36-8C5B-9DBCD5F6B157}
		{1209A63A-02F0-4441-862C-62F8C1453216} = {E01A2223-FB6A-4D36-8C5B-9DBCD5F6B157}
		{3CB21A6E-56B7-49C1-992D-BABB049FFABB} = {593F6F8C-C1CE-4033-B891-20ABCA6E632D}
		{080EB403-473E-47F7-B548-A50A6C2F07B8} = {B1F6021F-6343-404E-9238-0287C6150B2D}
	EndGlobalSection
	GlobalSection(ExtensibilityGlobals) = postSolution
		SolutionGuid = {47E65CCB-D418-4EE5-B0AB-2DD32F4E7568}
	EndGlobalSection
EndGlobal
